
Microsoft Visual Studio Solution File, Format Version 11.00
# Visual Studio 2010
Project("{FAE04EC0-301F-11D3-BF4B-00C04F79EFBC}") = "SampleFaceApplication", "SampleFaceApplication\SampleFaceApplication.csproj", "{31483964-0CAC-4049-B2AF-B61284E10C35}"
EndProject
Global
	GlobalSection(SolutionConfigurationPlatforms) = preSolution
		Debug|x86 = Debug|x86
		Release|x86 = Release|x86
	EndGlobalSection
	GlobalSection(ProjectConfigurationPlatforms) = postSolution
		{31483964-0CAC-4049-B2AF-B61284E10C35}.Debug|x86.ActiveCfg = Debug|x86
		{31483964-0CAC-4049-B2AF-B61284E10C35}.Debug|x86.Build.0 = Debug|x86
		{31483964-0CAC-4049-B2AF-B61284E10C35}.Release|x86.ActiveCfg = Release|x86
		{31483964-0CAC-4049-B2AF-B61284E10C35}.Release|x86.Build.0 = Release|x86
	EndGlobalSection
	GlobalSection(SolutionProperties) = preSolution
		HideSolutionNode = FALSE
	EndGlobalSection
EndGlobal
